
Microsoft Visual Studio Solution File, Format Version 12.00
# Visual Studio Version 17
VisualStudioVersion = 17.14.36511.14 d17.14
MinimumVisualStudioVersion = 10.0.40219.1
Project("{FAE04EC0-301F-11D3-BF4B-00C04F79EFBC}") = "MvcMovie", "MvcMovie.csproj", "{17850DB6-585D-40AA-BFCB-38761D853814}"
EndProject
Global
	GlobalSection(SolutionConfigurationPlatforms) = preSolution
		Debug|Any CPU = Debug|Any CPU
		Release|Any CPU = Release|Any CPU
	EndGlobalSection
	GlobalSection(ProjectConfigurationPlatforms) = postSolution
		{17850DB6-585D-40AA-BFCB-38761D853814}.Debug|Any CPU.ActiveCfg = Debug|Any CPU
		{17850DB6-585D-40AA-BFCB-38761D853814}.Debug|Any CPU.Build.0 = Debug|Any CPU
		{17850DB6-585D-40AA-BFCB-38761D853814}.Release|Any CPU.ActiveCfg = Release|Any CPU
		{17850DB6-585D-40AA-BFCB-38761D853814}.Release|Any CPU.Build.0 = Release|Any CPU
	EndGlobalSection
	GlobalSection(SolutionProperties) = preSolution
		HideSolutionNode = FALSE
	EndGlobalSection
	GlobalSection(ExtensibilityGlobals) = postSolution
		SolutionGuid = {CE8246BD-3676-4727-838E-C3281112D39F}
	EndGlobalSection
EndGlobal
